github.com/deckarep/golang-set v1.7.1 h1:SCQV0S6gTtp6itiFrTqI+pfmJ4LN85S1YzhDf9rTHJQ=
github.com/deckarep/golang-set v1.7.1/go.mod h1:93vsz/8Wt4joVM7c2AVqh+YRMiUSc14yDtF28KmMOgQ=
github.com/gammazero/deque v0.0.0-20200310222745-50fa758af896 h1:p5u6mxVWDmHzLSxFbtMmlSTL9svFPkBXMvTEIfvEXzY=
github.com/gammazero/deque v0.0.0-20200310222745-50fa758af896/go.mod h1:D90+MBHVc9Sk1lJAbEVgws0eYEurY4mv2TDso3Nxh3w=
